
Microsoft Visual Studio Solution File, Format Version 12.00
# Visual Studio Version 16
VisualStudioVersion = 16.0.31105.61
MinimumVisualStudioVersion = 10.0.40219.1
Project("{FAE04EC0-301F-11D3-BF4B-00C04F79EFBC}") = "ComPortTesting", "ComPortTesting\ComPortTesting.csproj", "{BC47EE2B-8B9E-426E-BD03-AFB9CA527A9E}"
EndProject
Global
	GlobalSection(SolutionConfigurationPlatforms) = preSolution
		Debug|Any CPU = Debug|Any CPU
		Debug|x64 = Debug|x64
		Release|Any CPU = Release|Any CPU
		Release|x64 = Release|x64
	EndGlobalSection
	GlobalSection(ProjectConfigurationPlatforms) = postSolution
		{BC47EE2B-8B9E-426E-BD03-AFB9CA527A9E}.Debug|Any CPU.ActiveCfg = Debug|Any CPU
		{BC47EE2B-8B9E-426E-BD03-AFB9CA527A9E}.Debug|Any CPU.Build.0 = Debug|Any CPU
		{BC47EE2B-8B9E-426E-BD03-AFB9CA527A9E}.Debug|x64.ActiveCfg = Debug|Any CPU
		{BC47EE2B-8B9E-426E-BD03-AFB9CA527A9E}.Debug|x64.Build.0 = Debug|Any CPU
		{BC47EE2B-8B9E-426E-BD03-AFB9CA527A9E}.Release|Any CPU.ActiveCfg = Release|Any CPU
		{BC47EE2B-8B9E-426E-BD03-AFB9CA527A9E}.Release|Any CPU.Build.0 = Release|Any CPU
		{BC47EE2B-8B9E-426E-BD03-AFB9CA527A9E}.Release|x64.ActiveCfg = Release|Any CPU
		{BC47EE2B-8B9E-426E-BD03-AFB9CA527A9E}.Release|x64.Build.0 = Release|Any CPU
	EndGlobalSection
	GlobalSection(SolutionProperties) = preSolution
		HideSolutionNode = FALSE
	EndGlobalSection
	GlobalSection(ExtensibilityGlobals) = postSolution
		SolutionGuid = {5E5CB78C-ECC3-4EB8-8BF4-873F6951A645}
	EndGlobalSection
EndGlobal
